// !$*UTF8*$!
{
	archiveVersion = 1;
	classes = {
	};
	objectVersion = 51;
	objects = {

/* Begin PBXBuildFile section */
		07C9392DEC5FAE1378AE9051 /* NorthInteractor.swift in Sources */ = {isa = PBXBuildFile; fileRef = 957375CC3E614D07F6C408FC /* NorthInteractor.swift */; };
		0D564B90E6F31A4F68D232DC /* SouthPresenter.swift in Sources */ = {isa = PBXBuildFile; fileRef = 92AF8570E5AE9F978B8E70E2 /* SouthPresenter.swift */; };
		1D44429902CC58A25B326001 /* SouthProtocols.swift in Sources */ = {isa = PBXBuildFile; fileRef = 0E5D52DAE961D534B9551EE2 /* SouthProtocols.swift */; };
		27443D9BE86BDC7967AC9DA7 /* WestProtocols.swift in Sources */ = {isa = PBXBuildFile; fileRef = 335CB3FDF09DD19A9C6F54F9 /* WestProtocols.swift */; };
		4570FFC0369472322E49B30E /* EastViewController.swift in Sources */ = {isa = PBXBuildFile; fileRef = 8D63F9746A8D4CB279CF2216 /* EastViewController.swift */; };
		48E5E5ADA2CE4DE3A45EA9D0 /* EastProtocols.swift in Sources */ = {isa = PBXBuildFile; fileRef = DD7338B761D0D15707E1C132 /* EastProtocols.swift */; };
		639DF04884D441D80D2A344B /* WestPresenter.swift in Sources */ = {isa = PBXBuildFile; fileRef = AD4B2CC1D804FC2EAE632B49 /* WestPresenter.swift */; };
		6C657B6B9957C92F76E97A3C /* NorthViewController.swift in Sources */ = {isa = PBXBuildFile; fileRef = 1215BA9085DCF1AD87EC4CA7 /* NorthViewController.swift */; };
		7F5322B8E1482AABAA5CF59E /* SouthViewController.swift in Sources */ = {isa = PBXBuildFile; fileRef = DF6DCC73A050FB0D7A5CF237 /* SouthViewController.swift */; };
		A41B1A3D55864C01DB05261E /* EastInteractor.swift in Sources */ = {isa = PBXBuildFile; fileRef = 15DB27AADF0944CE73A7C887 /* EastInteractor.swift */; };
		AEDC09593EDEB488AE12838D /* Pods_Bviper.framework in Frameworks */ = {isa = PBXBuildFile; fileRef = 414147042EAD6D225B6F3401 /* Pods_Bviper.framework */; };
		BE6D66F8C9830806F68119F3 /* EastPresenter.swift in Sources */ = {isa = PBXBuildFile; fileRef = A1AF9FC2EE9EFBDA63A4B6DF /* EastPresenter.swift */; };
		C8141D7D241097AB0045555A /* AppDelegate.swift in Sources */ = {isa = PBXBuildFile; fileRef = C8141D7C241097AB0045555A /* AppDelegate.swift */; };
		C8141D7F241097AB0045555A /* SceneDelegate.swift in Sources */ = {isa = PBXBuildFile; fileRef = C8141D7E241097AB0045555A /* SceneDelegate.swift */; };
		C8141D84241097AB0045555A /* Main.storyboard in Resources */ = {isa = PBXBuildFile; fileRef = C8141D82241097AB0045555A /* Main.storyboard */; };
		C8141D86241097AC0045555A /* Assets.xcassets in Resources */ = {isa = PBXBuildFile; fileRef = C8141D85241097AC0045555A /* Assets.xcassets */; };
		C8141D89241097AC0045555A /* LaunchScreen.storyboard in Resources */ = {isa = PBXBuildFile; fileRef = C8141D87241097AC0045555A /* LaunchScreen.storyboard */; };
		C8141DBA2410A7D70045555A /* EastEvents.swift in Sources */ = {isa = PBXBuildFile; fileRef = C8141DB92410A7D70045555A /* EastEvents.swift */; };
		D0A22A470F1603BBFFDA1728 /* WestViewController.swift in Sources */ = {isa = PBXBuildFile; fileRef = A2100F7B2A64A4BAFF122A34 /* WestViewController.swift */; };
		D2A6936C0B462EBF7DF88A0E /* NorthPresenter.swift in Sources */ = {isa = PBXBuildFile; fileRef = 291B2FA4BDFFD0E8A8943BC3 /* NorthPresenter.swift */; };
		E2D011FF9528F1F4D4EB4952 /* NorthProtocols.swift in Sources */ = {isa = PBXBuildFile; fileRef = 03120F5410E5DD49218A7C83 /* NorthProtocols.swift */; };
		EEFBF98D81748173AD31288E /* WestInteractor.swift in Sources */ = {isa = PBXBuildFile; fileRef = 1219DA35430C7929687EEDA2 /* WestInteractor.swift */; };
		FFF91A07D932AB57DE6973A9 /* SouthInteractor.swift in Sources */ = {isa = PBXBuildFile; fileRef = 382273123C46B2E2342C3EAA /* SouthInteractor.swift */; };
/* End PBXBuildFile section */

/* Begin PBXFileReference section */
		03120F5410E5DD49218A7C83 /* NorthProtocols.swift */ = {isa = PBXFileReference; includeInIndex = 1; lastKnownFileType = sourcecode.swift; path = NorthProtocols.swift; sourceTree = "<group>"; };
		0E5D52DAE961D534B9551EE2 /* SouthProtocols.swift */ = {isa = PBXFileReference; includeInIndex = 1; lastKnownFileType = sourcecode.swift; path = SouthProtocols.swift; sourceTree = "<group>"; };
		1215BA9085DCF1AD87EC4CA7 /* NorthViewController.swift */ = {isa = PBXFileReference; includeInIndex = 1; lastKnownFileType = sourcecode.swift; path = NorthViewController.swift; sourceTree = "<group>"; };
		1219DA35430C7929687EEDA2 /* WestInteractor.swift */ = {isa = PBXFileReference; includeInIndex = 1; lastKnownFileType = sourcecode.swift; path = WestInteractor.swift; sourceTree = "<group>"; };
		15DB27AADF0944CE73A7C887 /* EastInteractor.swift */ = {isa = PBXFileReference; includeInIndex = 1; lastKnownFileType = sourcecode.swift; path = EastInteractor.swift; sourceTree = "<group>"; };
		2697C3E708BEDFAE41C90E61 /* Pods-Bviper.release.xcconfig */ = {isa = PBXFileReference; includeInIndex = 1; lastKnownFileType = text.xcconfig; name = "Pods-Bviper.release.xcconfig"; path = "Target Support Files/Pods-Bviper/Pods-Bviper.release.xcconfig"; sourceTree = "<group>"; };
		291B2FA4BDFFD0E8A8943BC3 /* NorthPresenter.swift */ = {isa = PBXFileReference; includeInIndex = 1; lastKnownFileType = sourcecode.swift; path = NorthPresenter.swift; sourceTree = "<group>"; };
		335CB3FDF09DD19A9C6F54F9 /* WestProtocols.swift */ = {isa = PBXFileReference; includeInIndex = 1; lastKnownFileType = sourcecode.swift; path = WestProtocols.swift; sourceTree = "<group>"; };
		382273123C46B2E2342C3EAA /* SouthInteractor.swift */ = {isa = PBXFileReference; includeInIndex = 1; lastKnownFileType = sourcecode.swift; path = SouthInteractor.swift; sourceTree = "<group>"; };
		414147042EAD6D225B6F3401 /* Pods_Bviper.framework */ = {isa = PBXFileReference; explicitFileType = wrapper.framework; includeInIndex = 0; path = Pods_Bviper.framework; sourceTree = BUILT_PRODUCTS_DIR; };
		8D63F9746A8D4CB279CF2216 /* EastViewController.swift */ = {isa = PBXFileReference; includeInIndex = 1; lastKnownFileType = sourcecode.swift; path = EastViewController.swift; sourceTree = "<group>"; };
		92AF8570E5AE9F978B8E70E2 /* SouthPresenter.swift */ = {isa = PBXFileReference; includeInIndex = 1; lastKnownFileType = sourcecode.swift; path = SouthPresenter.swift; sourceTree = "<group>"; };
		957375CC3E614D07F6C408FC /* NorthInteractor.swift */ = {isa = PBXFileReference; includeInIndex = 1; lastKnownFileType = sourcecode.swift; path = NorthInteractor.swift; sourceTree = "<group>"; };
		95BF90C982AFB5FE78F00C61 /* Pods-Bviper.debug.xcconfig */ = {isa = PBXFileReference; includeInIndex = 1; lastKnownFileType = text.xcconfig; name = "Pods-Bviper.debug.xcconfig"; path = "Target Support Files/Pods-Bviper/Pods-Bviper.debug.xcconfig"; sourceTree = "<group>"; };
		A1AF9FC2EE9EFBDA63A4B6DF /* EastPresenter.swift */ = {isa = PBXFileReference; includeInIndex = 1; lastKnownFileType = sourcecode.swift; path = EastPresenter.swift; sourceTree = "<group>"; };
		A2100F7B2A64A4BAFF122A34 /* WestViewController.swift */ = {isa = PBXFileReference; includeInIndex = 1; lastKnownFileType = sourcecode.swift; path = WestViewController.swift; sourceTree = "<group>"; };
		AD4B2CC1D804FC2EAE632B49 /* WestPresenter.swift */ = {isa = PBXFileReference; includeInIndex = 1; lastKnownFileType = sourcecode.swift; path = WestPresenter.swift; sourceTree = "<group>"; };
		C8141D79241097AB0045555A /* Bviper.app */ = {isa = PBXFileReference; explicitFileType = wrapper.application; includeInIndex = 0; path = Bviper.app; sourceTree = BUILT_PRODUCTS_DIR; };
		C8141D7C241097AB0045555A /* AppDelegate.swift */ = {isa = PBXFileReference; lastKnownFileType = sourcecode.swift; path = AppDelegate.swift; sourceTree = "<group>"; };
		C8141D7E241097AB0045555A /* SceneDelegate.swift */ = {isa = PBXFileReference; lastKnownFileType = sourcecode.swift; path = SceneDelegate.swift; sourceTree = "<group>"; };
		C8141D83241097AB0045555A /* Base */ = {isa = PBXFileReference; lastKnownFileType = file.storyboard; name = Base; path = Base.lproj/Main.storyboard; sourceTree = "<group>"; };
		C8141D85241097AC0045555A /* Assets.xcassets */ = {isa = PBXFileReference; lastKnownFileType = folder.assetcatalog; path = Assets.xcassets; sourceTree = "<group>"; };
		C8141D88241097AC0045555A /* Base */ = {isa = PBXFileReference; lastKnownFileType = file.storyboard; name = Base; path = Base.lproj/LaunchScreen.storyboard; sourceTree = "<group>"; };
		C8141D8A241097AC0045555A /* Info.plist */ = {isa = PBXFileReference; lastKnownFileType = text.plist.xml; path = Info.plist; sourceTree = "<group>"; };
		C8141DB92410A7D70045555A /* EastEvents.swift */ = {isa = PBXFileReference; lastKnownFileType = sourcecode.swift; path = EastEvents.swift; sourceTree = "<group>"; };
		DD7338B761D0D15707E1C132 /* EastProtocols.swift */ = {isa = PBXFileReference; includeInIndex = 1; lastKnownFileType = sourcecode.swift; path = EastProtocols.swift; sourceTree = "<group>"; };
		DF6DCC73A050FB0D7A5CF237 /* SouthViewController.swift */ = {isa = PBXFileReference; includeInIndex = 1; lastKnownFileType = sourcecode.swift; path = SouthViewController.swift; sourceTree = "<group>"; };
/* End PBXFileReference section */

/* Begin PBXFrameworksBuildPhase section */
		C8141D76241097AB0045555A /* Frameworks */ = {
			isa = PBXFrameworksBuildPhase;
			buildActionMask = 2147483647;
			files = (
				AEDC09593EDEB488AE12838D /* Pods_Bviper.framework in Frameworks */,
			);
			runOnlyForDeploymentPostprocessing = 0;
		};
/* End PBXFrameworksBuildPhase section */

/* Begin PBXGroup section */
		07FEF579A3CCC1D750F86A85 /* South */ = {
			isa = PBXGroup;
			children = (
				0E5D52DAE961D534B9551EE2 /* SouthProtocols.swift */,
				650224D9B1640E51BEA81676 /* View */,
				84B08EFDEB3C85922CDE6817 /* Presenter */,
				2B01FDDC8F11F1246F9A1DB9 /* Model */,
			);
			path = South;
			sourceTree = "<group>";
		};
		1C485BF6E562D7C989CD6477 /* West */ = {
			isa = PBXGroup;
			children = (
				335CB3FDF09DD19A9C6F54F9 /* WestProtocols.swift */,
				A09AD0107A05DD4822422B94 /* View */,
				73122F62AC4F4C98BD6C56F0 /* Presenter */,
				27B21FB6BF75114BBC1EB3FD /* Model */,
			);
			path = West;
			sourceTree = "<group>";
		};
		1E1F9C1AF74877F80F303308 /* Model */ = {
			isa = PBXGroup;
			children = (
				957375CC3E614D07F6C408FC /* NorthInteractor.swift */,
			);
			path = Model;
			sourceTree = "<group>";
		};
		21D7855A9AD469B5F1CB8DF6 /* Frameworks */ = {
			isa = PBXGroup;
			children = (
				414147042EAD6D225B6F3401 /* Pods_Bviper.framework */,
			);
			name = Frameworks;
			sourceTree = "<group>";
		};
		27B21FB6BF75114BBC1EB3FD /* Model */ = {
			isa = PBXGroup;
			children = (
				1219DA35430C7929687EEDA2 /* WestInteractor.swift */,
			);
			path = Model;
			sourceTree = "<group>";
		};
		2B01FDDC8F11F1246F9A1DB9 /* Model */ = {
			isa = PBXGroup;
			children = (
				382273123C46B2E2342C3EAA /* SouthInteractor.swift */,
			);
			path = Model;
			sourceTree = "<group>";
		};
		650224D9B1640E51BEA81676 /* View */ = {
			isa = PBXGroup;
			children = (
				DF6DCC73A050FB0D7A5CF237 /* SouthViewController.swift */,
			);
			path = View;
			sourceTree = "<group>";
		};
		6BE301997AC606BD17F29F6D /* Model */ = {
			isa = PBXGroup;
			children = (
				15DB27AADF0944CE73A7C887 /* EastInteractor.swift */,
			);
			path = Model;
			sourceTree = "<group>";
		};
		7010B18991BCF4068EA09802 /* Presenter */ = {
			isa = PBXGroup;
			children = (
				291B2FA4BDFFD0E8A8943BC3 /* NorthPresenter.swift */,
			);
			path = Presenter;
			sourceTree = "<group>";
		};
		73122F62AC4F4C98BD6C56F0 /* Presenter */ = {
			isa = PBXGroup;
			children = (
				AD4B2CC1D804FC2EAE632B49 /* WestPresenter.swift */,
			);
			path = Presenter;
			sourceTree = "<group>";
		};
		7BD6FD94DD6713F31C7A197E /* East */ = {
			isa = PBXGroup;
			children = (
				DD7338B761D0D15707E1C132 /* EastProtocols.swift */,
				EA8ACB8A349C8ECEE97547D4 /* View */,
				ADB0CFBE23879F620BD3870A /* Presenter */,
				6BE301997AC606BD17F29F6D /* Model */,
			);
			path = East;
			sourceTree = "<group>";
		};
		843D71AD6AC37FB9F8472606 /* Pods */ = {
			isa = PBXGroup;
			children = (
				95BF90C982AFB5FE78F00C61 /* Pods-Bviper.debug.xcconfig */,
				2697C3E708BEDFAE41C90E61 /* Pods-Bviper.release.xcconfig */,
			);
			path = Pods;
			sourceTree = "<group>";
		};
		84B08EFDEB3C85922CDE6817 /* Presenter */ = {
			isa = PBXGroup;
			children = (
				92AF8570E5AE9F978B8E70E2 /* SouthPresenter.swift */,
			);
			path = Presenter;
			sourceTree = "<group>";
		};
		A09AD0107A05DD4822422B94 /* View */ = {
			isa = PBXGroup;
			children = (
				A2100F7B2A64A4BAFF122A34 /* WestViewController.swift */,
			);
			path = View;
			sourceTree = "<group>";
		};
		A7F8E6D148E703A5BD877DFC /* North */ = {
			isa = PBXGroup;
			children = (
				03120F5410E5DD49218A7C83 /* NorthProtocols.swift */,
				EB37FBEE7559DDEAA0F1BD8D /* View */,
				7010B18991BCF4068EA09802 /* Presenter */,
				1E1F9C1AF74877F80F303308 /* Model */,
			);
			path = North;
			sourceTree = "<group>";
		};
		ADB0CFBE23879F620BD3870A /* Presenter */ = {
			isa = PBXGroup;
			children = (
				A1AF9FC2EE9EFBDA63A4B6DF /* EastPresenter.swift */,
			);
			path = Presenter;
			sourceTree = "<group>";
		};
		C8141D70241097AB0045555A = {
			isa = PBXGroup;
			children = (
				C8141D90241098C30045555A /* Scenes */,
				C8141D7B241097AB0045555A /* Bviper */,
				C8141D7A241097AB0045555A /* Products */,
				843D71AD6AC37FB9F8472606 /* Pods */,
				21D7855A9AD469B5F1CB8DF6 /* Frameworks */,
			);
			sourceTree = "<group>";
		};
		C8141D7A241097AB0045555A /* Products */ = {
			isa = PBXGroup;
			children = (
				C8141D79241097AB0045555A /* Bviper.app */,
			);
			name = Products;
			sourceTree = "<group>";
		};
		C8141D7B241097AB0045555A /* Bviper */ = {
			isa = PBXGroup;
			children = (
				C8141D7C241097AB0045555A /* AppDelegate.swift */,
				C8141D7E241097AB0045555A /* SceneDelegate.swift */,
				C8141D82241097AB0045555A /* Main.storyboard */,
				C8141D85241097AC0045555A /* Assets.xcassets */,
				C8141D87241097AC0045555A /* LaunchScreen.storyboard */,
				C8141D8A241097AC0045555A /* Info.plist */,
			);
			path = Bviper;
			sourceTree = "<group>";
		};
		C8141D90241098C30045555A /* Scenes */ = {
			isa = PBXGroup;
			children = (
				7BD6FD94DD6713F31C7A197E /* East */,
				1C485BF6E562D7C989CD6477 /* West */,
				A7F8E6D148E703A5BD877DFC /* North */,
				07FEF579A3CCC1D750F86A85 /* South */,
			);
			path = Scenes;
			sourceTree = "<group>";
		};
		EA8ACB8A349C8ECEE97547D4 /* View */ = {
			isa = PBXGroup;
			children = (
				8D63F9746A8D4CB279CF2216 /* EastViewController.swift */,
				C8141DB92410A7D70045555A /* EastEvents.swift */,
			);
			path = View;
			sourceTree = "<group>";
		};
		EB37FBEE7559DDEAA0F1BD8D /* View */ = {
			isa = PBXGroup;
			children = (
				1215BA9085DCF1AD87EC4CA7 /* NorthViewController.swift */,
			);
			path = View;
			sourceTree = "<group>";
		};
/* End PBXGroup section */

/* Begin PBXNativeTarget section */
		C8141D78241097AB0045555A /* Bviper */ = {
			isa = PBXNativeTarget;
			buildConfigurationList = C8141D8D241097AC0045555A /* Build configuration list for PBXNativeTarget "Bviper" */;
			buildPhases = (
				3DA28D1A20FD0CBB302AD139 /* [CP] Check Pods Manifest.lock */,
				C8141D75241097AB0045555A /* Sources */,
				C8141D76241097AB0045555A /* Frameworks */,
				C8141D77241097AB0045555A /* Resources */,
				9EC146439494345BAB0BCCC4 /* [CP] Embed Pods Frameworks */,
			);
			buildRules = (
			);
			dependencies = (
			);
			name = Bviper;
			productName = Bviper;
			productReference = C8141D79241097AB0045555A /* Bviper.app */;
			productType = "com.apple.product-type.application";
		};
/* End PBXNativeTarget section */

/* Begin PBXProject section */
		C8141D71241097AB0045555A /* Project object */ = {
			isa = PBXProject;
			attributes = {
				LastSwiftUpdateCheck = 1130;
				LastUpgradeCheck = 1130;
				ORGANIZATIONNAME = muhlenXi;
				TargetAttributes = {
					C8141D78241097AB0045555A = {
						CreatedOnToolsVersion = 11.3;
					};
				};
			};
			buildConfigurationList = C8141D74241097AB0045555A /* Build configuration list for PBXProject "Bviper" */;
			compatibilityVersion = "Xcode 9.3";
			developmentRegion = en;
			hasScannedForEncodings = 0;
			knownRegions = (
				en,
				Base,
			);
			mainGroup = C8141D70241097AB0045555A;
			productRefGroup = C8141D7A241097AB0045555A /* Products */;
			projectDirPath = "";
			projectRoot = "";
			targets = (
				C8141D78241097AB0045555A /* Bviper */,
			);
		};
/* End PBXProject section */

/* Begin PBXResourcesBuildPhase section */
		C8141D77241097AB0045555A /* Resources */ = {
			isa = PBXResourcesBuildPhase;
			buildActionMask = 2147483647;
			files = (
				C8141D89241097AC0045555A /* LaunchScreen.storyboard in Resources */,
				C8141D86241097AC0045555A /* Assets.xcassets in Resources */,
				C8141D84241097AB0045555A /* Main.storyboard in Resources */,
			);
			runOnlyForDeploymentPostprocessing = 0;
		};
/* End PBXResourcesBuildPhase section */

/* Begin PBXShellScriptBuildPhase section */
		3DA28D1A20FD0CBB302AD139 /* [CP] Check Pods Manifest.lock */ = {
			isa = PBXShellScriptBuildPhase;
			buildActionMask = 2147483647;
			files = (
			);
			inputFileListPaths = (
			);
			inputPaths = (
				"${PODS_PODFILE_DIR_PATH}/Podfile.lock",
				"${PODS_ROOT}/Manifest.lock",
			);
			name = "[CP] Check Pods Manifest.lock";
			outputFileListPaths = (
			);
			outputPaths = (
				"$(DERIVED_FILE_DIR)/Pods-Bviper-checkManifestLockResult.txt",
			);
			runOnlyForDeploymentPostprocessing = 0;
			shellPath = /bin/sh;
			shellScript = "diff \"${PODS_PODFILE_DIR_PATH}/Podfile.lock\" \"${PODS_ROOT}/Manifest.lock\" > /dev/null\nif [ $? != 0 ] ; then\n    # print error to STDERR\n    echo \"error: The sandbox is not in sync with the Podfile.lock. Run 'pod install' or update your CocoaPods installation.\" >&2\n    exit 1\nfi\n# This output is used by Xcode 'outputs' to avoid re-running this script phase.\necho \"SUCCESS\" > \"${SCRIPT_OUTPUT_FILE_0}\"\n";
			showEnvVarsInLog = 0;
		};
		9EC146439494345BAB0BCCC4 /* [CP] Embed Pods Frameworks */ = {
			isa = PBXShellScriptBuildPhase;
			buildActionMask = 2147483647;
			files = (
			);
			inputFileListPaths = (
				"${PODS_ROOT}/Target Support Files/Pods-Bviper/Pods-Bviper-frameworks-${CONFIGURATION}-input-files.xcfilelist",
			);
			name = "[CP] Embed Pods Frameworks";
			outputFileListPaths = (
				"${PODS_ROOT}/Target Support Files/Pods-Bviper/Pods-Bviper-frameworks-${CONFIGURATION}-output-files.xcfilelist",
			);
			runOnlyForDeploymentPostprocessing = 0;
			shellPath = /bin/sh;
			shellScript = "\"${PODS_ROOT}/Target Support Files/Pods-Bviper/Pods-Bviper-frameworks.sh\"\n";
			showEnvVarsInLog = 0;
		};
/* End PBXShellScriptBuildPhase section */

/* Begin PBXSourcesBuildPhase section */
		C8141D75241097AB0045555A /* Sources */ = {
			isa = PBXSourcesBuildPhase;
			buildActionMask = 2147483647;
			files = (
				C8141D7D241097AB0045555A /* AppDelegate.swift in Sources */,
				C8141D7F241097AB0045555A /* SceneDelegate.swift in Sources */,
				48E5E5ADA2CE4DE3A45EA9D0 /* EastProtocols.swift in Sources */,
				4570FFC0369472322E49B30E /* EastViewController.swift in Sources */,
				BE6D66F8C9830806F68119F3 /* EastPresenter.swift in Sources */,
				C8141DBA2410A7D70045555A /* EastEvents.swift in Sources */,
				A41B1A3D55864C01DB05261E /* EastInteractor.swift in Sources */,
				27443D9BE86BDC7967AC9DA7 /* WestProtocols.swift in Sources */,
				D0A22A470F1603BBFFDA1728 /* WestViewController.swift in Sources */,
				639DF04884D441D80D2A344B /* WestPresenter.swift in Sources */,
				EEFBF98D81748173AD31288E /* WestInteractor.swift in Sources */,
				E2D011FF9528F1F4D4EB4952 /* NorthProtocols.swift in Sources */,
				6C657B6B9957C92F76E97A3C /* NorthViewController.swift in Sources */,
				D2A6936C0B462EBF7DF88A0E /* NorthPresenter.swift in Sources */,
				07C9392DEC5FAE1378AE9051 /* NorthInteractor.swift in Sources */,
				1D44429902CC58A25B326001 /* SouthProtocols.swift in Sources */,
				7F5322B8E1482AABAA5CF59E /* SouthViewController.swift in Sources */,
				0D564B90E6F31A4F68D232DC /* SouthPresenter.swift in Sources */,
				FFF91A07D932AB57DE6973A9 /* SouthInteractor.swift in Sources */,
			);
			runOnlyForDeploymentPostprocessing = 0;
		};
/* End PBXSourcesBuildPhase section */

/* Begin PBXVariantGroup section */
		C8141D82241097AB0045555A /* Main.storyboard */ = {
			isa = PBXVariantGroup;
			children = (
				C8141D83241097AB0045555A /* Base */,
			);
			name = Main.storyboard;
			sourceTree = "<group>";
		};
		C8141D87241097AC0045555A /* LaunchScreen.storyboard */ = {
			isa = PBXVariantGroup;
			children = (
				C8141D88241097AC0045555A /* Base */,
			);
			name = LaunchScreen.storyboard;
			sourceTree = "<group>";
		};
/* End PBXVariantGroup section */

/* Begin XCBuildConfiguration section */
		C8141D8B241097AC0045555A /* Debug */ = {
			isa = XCBuildConfiguration;
			buildSettings = {
				ALWAYS_SEARCH_USER_PATHS = NO;
				CLANG_ANALYZER_NONNULL = YES;
				CLANG_ANALYZER_NUMBER_OBJECT_CONVERSION = YES_AGGRESSIVE;
				CLANG_CXX_LANGUAGE_STANDARD = "gnu++14";
				CLANG_CXX_LIBRARY = "libc++";
				CLANG_ENABLE_MODULES = YES;
				CLANG_ENABLE_OBJC_ARC = YES;
				CLANG_ENABLE_OBJC_WEAK = YES;
				CLANG_WARN_BLOCK_CAPTURE_AUTORELEASING = YES;
				CLANG_WARN_BOOL_CONVERSION = YES;
				CLANG_WARN_COMMA = YES;
				CLANG_WARN_CONSTANT_CONVERSION = YES;
				CLANG_WARN_DEPRECATED_OBJC_IMPLEMENTATIONS = YES;
				CLANG_WARN_DIRECT_OBJC_ISA_USAGE = YES_ERROR;
				CLANG_WARN_DOCUMENTATION_COMMENTS = YES;
				CLANG_WARN_EMPTY_BODY = YES;
				CLANG_WARN_ENUM_CONVERSION = YES;
				CLANG_WARN_INFINITE_RECURSION = YES;
				CLANG_WARN_INT_CONVERSION = YES;
				CLANG_WARN_NON_LITERAL_NULL_CONVERSION = YES;
				CLANG_WARN_OBJC_IMPLICIT_RETAIN_SELF = YES;
				CLANG_WARN_OBJC_LITERAL_CONVERSION = YES;
				CLANG_WARN_OBJC_ROOT_CLASS = YES_ERROR;
				CLANG_WARN_RANGE_LOOP_ANALYSIS = YES;
				CLANG_WARN_STRICT_PROTOTYPES = YES;
				CLANG_WARN_SUSPICIOUS_MOVE = YES;
				CLANG_WARN_UNGUARDED_AVAILABILITY = YES_AGGRESSIVE;
				CLANG_WARN_UNREACHABLE_CODE = YES;
				CLANG_WARN__DUPLICATE_METHOD_MATCH = YES;
				COPY_PHASE_STRIP = NO;
				DEBUG_INFORMATION_FORMAT = dwarf;
				ENABLE_STRICT_OBJC_MSGSEND = YES;
				ENABLE_TESTABILITY = YES;
				GCC_C_LANGUAGE_STANDARD = gnu11;
				GCC_DYNAMIC_NO_PIC = NO;
				GCC_NO_COMMON_BLOCKS = YES;
				GCC_OPTIMIZATION_LEVEL = 0;
				GCC_PREPROCESSOR_DEFINITIONS = (
					"DEBUG=1",
					"$(inherited)",
				);
				GCC_WARN_64_TO_32_BIT_CONVERSION = YES;
				GCC_WARN_ABOUT_RETURN_TYPE = YES_ERROR;
				GCC_WARN_UNDECLARED_SELECTOR = YES;
				GCC_WARN_UNINITIALIZED_AUTOS = YES_AGGRESSIVE;
				GCC_WARN_UNUSED_FUNCTION = YES;
				GCC_WARN_UNUSED_VARIABLE = YES;
				IPHONEOS_DEPLOYMENT_TARGET = 13.2;
				MTL_ENABLE_DEBUG_INFO = INCLUDE_SOURCE;
				MTL_FAST_MATH = YES;
				ONLY_ACTIVE_ARCH = YES;
				SDKROOT = iphoneos;
				SWIFT_ACTIVE_COMPILATION_CONDITIONS = DEBUG;
				SWIFT_OPTIMIZATION_LEVEL = "-Onone";
			};
			name = Debug;
		};
		C8141D8C241097AC0045555A /* Release */ = {
			isa = XCBuildConfiguration;
			buildSettings = {
				ALWAYS_SEARCH_USER_PATHS = NO;
				CLANG_ANALYZER_NONNULL = YES;
				CLANG_ANALYZER_NUMBER_OBJECT_CONVERSION = YES_AGGRESSIVE;
				CLANG_CXX_LANGUAGE_STANDARD = "gnu++14";
				CLANG_CXX_LIBRARY = "libc++";
				CLANG_ENABLE_MODULES = YES;
				CLANG_ENABLE_OBJC_ARC = YES;
				CLANG_ENABLE_OBJC_WEAK = YES;
				CLANG_WARN_BLOCK_CAPTURE_AUTORELEASING = YES;
				CLANG_WARN_BOOL_CONVERSION = YES;
				CLANG_WARN_COMMA = YES;
				CLANG_WARN_CONSTANT_CONVERSION = YES;
				CLANG_WARN_DEPRECATED_OBJC_IMPLEMENTATIONS = YES;
				CLANG_WARN_DIRECT_OBJC_ISA_USAGE = YES_ERROR;
				CLANG_WARN_DOCUMENTATION_COMMENTS = YES;
				CLANG_WARN_EMPTY_BODY = YES;
				CLANG_WARN_ENUM_CONVERSION = YES;
				CLANG_WARN_INFINITE_RECURSION = YES;
				CLANG_WARN_INT_CONVERSION = YES;
				CLANG_WARN_NON_LITERAL_NULL_CONVERSION = YES;
				CLANG_WARN_OBJC_IMPLICIT_RETAIN_SELF = YES;
				CLANG_WARN_OBJC_LITERAL_CONVERSION = YES;
				CLANG_WARN_OBJC_ROOT_CLASS = YES_ERROR;
				CLANG_WARN_RANGE_LOOP_ANALYSIS = YES;
				CLANG_WARN_STRICT_PROTOTYPES = YES;
				CLANG_WARN_SUSPICIOUS_MOVE = YES;
				CLANG_WARN_UNGUARDED_AVAILABILITY = YES_AGGRESSIVE;
				CLANG_WARN_UNREACHABLE_CODE = YES;
				CLANG_WARN__DUPLICATE_METHOD_MATCH = YES;
				COPY_PHASE_STRIP = NO;
				DEBUG_INFORMATION_FORMAT = "dwarf-with-dsym";
				ENABLE_NS_ASSERTIONS = NO;
				ENABLE_STRICT_OBJC_MSGSEND = YES;
				GCC_C_LANGUAGE_STANDARD = gnu11;
				GCC_NO_COMMON_BLOCKS = YES;
				GCC_WARN_64_TO_32_BIT_CONVERSION = YES;
				GCC_WARN_ABOUT_RETURN_TYPE = YES_ERROR;
				GCC_WARN_UNDECLARED_SELECTOR = YES;
				GCC_WARN_UNINITIALIZED_AUTOS = YES_AGGRESSIVE;
				GCC_WARN_UNUSED_FUNCTION = YES;
				GCC_WARN_UNUSED_VARIABLE = YES;
				IPHONEOS_DEPLOYMENT_TARGET = 13.2;
				MTL_ENABLE_DEBUG_INFO = NO;
				MTL_FAST_MATH = YES;
				SDKROOT = iphoneos;
				SWIFT_COMPILATION_MODE = wholemodule;
				SWIFT_OPTIMIZATION_LEVEL = "-O";
				VALIDATE_PRODUCT = YES;
			};
			name = Release;
		};
		C8141D8E241097AC0045555A /* Debug */ = {
			isa = XCBuildConfiguration;
			baseConfigurationReference = 95BF90C982AFB5FE78F00C61 /* Pods-Bviper.debug.xcconfig */;
			buildSettings = {
				ASSETCATALOG_COMPILER_APPICON_NAME = AppIcon;
				CODE_SIGN_STYLE = Automatic;
				DEVELOPMENT_TEAM = J6Z2UB3ZFD;
				INFOPLIST_FILE = Bviper/Info.plist;
				IPHONEOS_DEPLOYMENT_TARGET = 13.0;
				LD_RUNPATH_SEARCH_PATHS = (
					"$(inherited)",
					"@executable_path/Frameworks",
				);
				PRODUCT_BUNDLE_IDENTIFIER = org.muhlenxi.Bviper;
				PRODUCT_NAME = "$(TARGET_NAME)";
				SWIFT_VERSION = 5.0;
				TARGETED_DEVICE_FAMILY = "1,2";
			};
			name = Debug;
		};
		C8141D8F241097AC0045555A /* Release */ = {
			isa = XCBuildConfiguration;
			baseConfigurationReference = 2697C3E708BEDFAE41C90E61 /* Pods-Bviper.release.xcconfig */;
			buildSettings = {
				ASSETCATALOG_COMPILER_APPICON_NAME = AppIcon;
				CODE_SIGN_STYLE = Automatic;
				DEVELOPMENT_TEAM = J6Z2UB3ZFD;
				INFOPLIST_FILE = Bviper/Info.plist;
				IPHONEOS_DEPLOYMENT_TARGET = 13.0;
				LD_RUNPATH_SEARCH_PATHS = (
					"$(inherited)",
					"@executable_path/Frameworks",
				);
				PRODUCT_BUNDLE_IDENTIFIER = org.muhlenxi.Bviper;
				PRODUCT_NAME = "$(TARGET_NAME)";
				SWIFT_VERSION = 5.0;
				TARGETED_DEVICE_FAMILY = "1,2";
			};
			name = Release;
		};
/* End XCBuildConfiguration section */

/* Begin XCConfigurationList section */
		C8141D74241097AB0045555A /* Build configuration list for PBXProject "Bviper" */ = {
			isa = XCConfigurationList;
			buildConfigurations = (
				C8141D8B241097AC0045555A /* Debug */,
				C8141D8C241097AC0045555A /* Release */,
			);
			defaultConfigurationIsVisible = 0;
			defaultConfigurationName = Release;
		};
		C8141D8D241097AC0045555A /* Build configuration list for PBXNativeTarget "Bviper" */ = {
			isa = XCConfigurationList;
			buildConfigurations = (
				C8141D8E241097AC0045555A /* Debug */,
				C8141D8F241097AC0045555A /* Release */,
			);
			defaultConfigurationIsVisible = 0;
			defaultConfigurationName = Release;
		};
/* End XCConfigurationList section */
	};
	rootObject = C8141D71241097AB0045555A /* Project object */;
}
